{
  "pins" : [
    {
      "identity" : "networking",
      "kind" : "remoteSourceControl",
      "location" : "https://github.com/AdmiralAnki/Networking.git",
      "state" : {
        "branch" : "main",
        "revision" : "5f661b6806e5272ee98d73f368aac30d18ea5372"
      }
    }
  ],
  "version" : 2
}
